PODS:
  - PinLayout (1.8.7)
  - RxBlocking (4.5.0):
    - RxSwift (>= 4.4.2, ~> 4.4)
  - RxCocoa (4.5.0):
    - RxSwift (>= 4.4.2, ~> 4.4)
  - RxSwift (4.5.0)
  - RxTest (4.5.0):
    - RxSwift (>= 4.4.2, ~> 4.4)
  - SwiftGen (6.1.0)
  - SwiftLint (0.30.1)

DEPENDENCIES:
  - PinLayout (~> 1.8.7)
  - RxBlocking (~> 4.5.0)
  - RxCocoa (~> 4.5.0)
  - RxSwift (~> 4.5.0)
  - RxTest (~> 4.5.0)
  - SwiftGen (~> 6.1.0)
  - SwiftLint (~> 0.30.1)

SPEC REPOS:
  https://github.com/cocoapods/specs.git:
    - PinLayout
    - RxBlocking
    - RxCocoa
    - RxSwift
    - RxTest
    - SwiftGen
    - SwiftLint

SPEC CHECKSUMS:
  PinLayout: a0722a5c8f0e0168a9c091ffe4930dabf0c8582c
  RxBlocking: 79413e4d916f44bb3e113c5b2cc059e36fe58910
  RxCocoa: cbf70265dc65a981d4ac982e513c10cf23df24a0
  RxSwift: f172070dfd1a93d70a9ab97a5a01166206e1c575
  RxTest: 3ccb66bfbace0bf7df1c43a7c75d046f8ce60372
  SwiftGen: f872ca75cbd17bf7103c17f13dcfa0d9a15667b0
  SwiftLint: a54bf1fe12b55c68560eb2a7689dfc81458508f7

PODFILE CHECKSUM: 85a8606fbb134a3c35fa1d5265cb666e702cd95e

COCOAPODS: 1.6.1
