// !$*UTF8*$!
{
	archiveVersion = 1;
	classes = {
	};
	objectVersion = 50;
	objects = {

/* Begin PBXBuildFile section */
		520951BDFC9CDA9027D82623 /* Pods_mvvm.framework in Frameworks */ = {isa = PBXBuildFile; fileRef = 837F35ACAD743B129274CB97 /* Pods_mvvm.framework */; };
		8B1020A7226CA4FF0096FFB1 /* PostListViewModelTests.swift in Sources */ = {isa = PBXBuildFile; fileRef = 8B1020A6226CA4FF0096FFB1 /* PostListViewModelTests.swift */; };
		8B122B932264E4B900B52DFB /* ServiceError.swift in Sources */ = {isa = PBXBuildFile; fileRef = 8B122B922264E4B900B52DFB /* ServiceError.swift */; };
		8B122B9A2264E85800B52DFB /* PostListModuleConfiguratorTests.swift in Sources */ = {isa = PBXBuildFile; fileRef = 8B122B992264E85800B52DFB /* PostListModuleConfiguratorTests.swift */; };
		8B122B9C2264E87D00B52DFB /* XCTest.swift in Sources */ = {isa = PBXBuildFile; fileRef = 8B122B9B2264E87D00B52DFB /* XCTest.swift */; };
		8B122B9E2264E8FC00B52DFB /* UIViewController.swift in Sources */ = {isa = PBXBuildFile; fileRef = 8B122B9D2264E8FC00B52DFB /* UIViewController.swift */; };
		8BBC120A227F376000C5324C /* Strings.swift in Sources */ = {isa = PBXBuildFile; fileRef = 8BBC1209227F376000C5324C /* Strings.swift */; };
		8BBC120C227F377100C5324C /* Localizable.strings in Resources */ = {isa = PBXBuildFile; fileRef = 8BBC120B227F377100C5324C /* Localizable.strings */; };
		8BBC1214227F380B00C5324C /* Assets.swift in Sources */ = {isa = PBXBuildFile; fileRef = 8BBC1213227F380B00C5324C /* Assets.swift */; };
		8BFCB4DC225A02CE006B3279 /* AppDelegate.swift in Sources */ = {isa = PBXBuildFile; fileRef = 8BFCB4DB225A02CE006B3279 /* AppDelegate.swift */; };
		8BFCB4E3225A02D0006B3279 /* Assets.xcassets in Resources */ = {isa = PBXBuildFile; fileRef = 8BFCB4E2225A02D0006B3279 /* Assets.xcassets */; };
		8BFCB4E6225A02D0006B3279 /* LaunchScreen.storyboard in Resources */ = {isa = PBXBuildFile; fileRef = 8BFCB4E4225A02D0006B3279 /* LaunchScreen.storyboard */; };
		8BFCB507225A0722006B3279 /* ViewModel.swift in Sources */ = {isa = PBXBuildFile; fileRef = 8BFCB506225A0722006B3279 /* ViewModel.swift */; };
		8BFCB50D225A0784006B3279 /* ApplicationCoordinator.swift in Sources */ = {isa = PBXBuildFile; fileRef = 8BFCB50C225A0784006B3279 /* ApplicationCoordinator.swift */; };
		8BFCB50F225A0795006B3279 /* Coordinator.swift in Sources */ = {isa = PBXBuildFile; fileRef = 8BFCB50E225A0795006B3279 /* Coordinator.swift */; };
		8BFCB511225A07A9006B3279 /* BaseCoordinator.swift in Sources */ = {isa = PBXBuildFile; fileRef = 8BFCB510225A07A9006B3279 /* BaseCoordinator.swift */; };
		8BFCB513225A07C2006B3279 /* Router.swift in Sources */ = {isa = PBXBuildFile; fileRef = 8BFCB512225A07C2006B3279 /* Router.swift */; };
		8BFCB515225A07D7006B3279 /* MainRouter.swift in Sources */ = {isa = PBXBuildFile; fileRef = 8BFCB514225A07D7006B3279 /* MainRouter.swift */; };
		8BFCB517225A07F7006B3279 /* Presentable.swift in Sources */ = {isa = PBXBuildFile; fileRef = 8BFCB516225A07F7006B3279 /* Presentable.swift */; };
		8BFCB51A225A0854006B3279 /* UIApplication.swift in Sources */ = {isa = PBXBuildFile; fileRef = 8BFCB519225A0854006B3279 /* UIApplication.swift */; };
		8BFCB51C225A0A29006B3279 /* PostListModuleConfigurator.swift in Sources */ = {isa = PBXBuildFile; fileRef = 8BFCB51B225A0A29006B3279 /* PostListModuleConfigurator.swift */; };
		8BFCB521225A0B1F006B3279 /* PostListViewModel.swift in Sources */ = {isa = PBXBuildFile; fileRef = 8BFCB520225A0B1F006B3279 /* PostListViewModel.swift */; };
		8BFCB523225A0B29006B3279 /* PostListViewController.swift in Sources */ = {isa = PBXBuildFile; fileRef = 8BFCB522225A0B29006B3279 /* PostListViewController.swift */; };
		8BFCB525225A16FD006B3279 /* ErrorTracker.swift in Sources */ = {isa = PBXBuildFile; fileRef = 8BFCB524225A16FD006B3279 /* ErrorTracker.swift */; };
		8BFCB529225A179B006B3279 /* Observable+Ext.swift in Sources */ = {isa = PBXBuildFile; fileRef = 8BFCB528225A179B006B3279 /* Observable+Ext.swift */; };
		8BFCB52D225A3B4C006B3279 /* PostsAbstractService.swift in Sources */ = {isa = PBXBuildFile; fileRef = 8BFCB52C225A3B4C006B3279 /* PostsAbstractService.swift */; };
		8BFCB530225A3B5D006B3279 /* PostsService.swift in Sources */ = {isa = PBXBuildFile; fileRef = 8BFCB52F225A3B5D006B3279 /* PostsService.swift */; };
		8BFCB532225A3F13006B3279 /* Post.swift in Sources */ = {isa = PBXBuildFile; fileRef = 8BFCB531225A3F13006B3279 /* Post.swift */; };
		8BFCB535225A401E006B3279 /* UIViewController+Rx.swift in Sources */ = {isa = PBXBuildFile; fileRef = 8BFCB534225A401E006B3279 /* UIViewController+Rx.swift */; };
		8BFCB537225A4386006B3279 /* PostListTableViewCell.swift in Sources */ = {isa = PBXBuildFile; fileRef = 8BFCB536225A4386006B3279 /* PostListTableViewCell.swift */; };
		8BFCB53E225A4D42006B3279 /* ActivityIndicator.swift in Sources */ = {isa = PBXBuildFile; fileRef = 8BFCB53D225A4D42006B3279 /* ActivityIndicator.swift */; };
		BF221505A9C6C732B44E5923 /* Pods_mvvmTests.framework in Frameworks */ = {isa = PBXBuildFile; fileRef = 12B4DEB9658214E7851DD788 /* Pods_mvvmTests.framework */; };
/* End PBXBuildFile section */

/* Begin PBXContainerItemProxy section */
		8BFCB4ED225A02D0006B3279 /* PBXContainerItemProxy */ = {
			isa = PBXContainerItemProxy;
			containerPortal = 8BFCB4D0225A02CE006B3279 /* Project object */;
			proxyType = 1;
			remoteGlobalIDString = 8BFCB4D7225A02CE006B3279;
			remoteInfo = mvvm;
		};
/* End PBXContainerItemProxy section */

/* Begin PBXFileReference section */
		12B4DEB9658214E7851DD788 /* Pods_mvvmTests.framework */ = {isa = PBXFileReference; explicitFileType = wrapper.framework; includeInIndex = 0; path = Pods_mvvmTests.framework; sourceTree = BUILT_PRODUCTS_DIR; };
		837F35ACAD743B129274CB97 /* Pods_mvvm.framework */ = {isa = PBXFileReference; explicitFileType = wrapper.framework; includeInIndex = 0; path = Pods_mvvm.framework; sourceTree = BUILT_PRODUCTS_DIR; };
		8B1020A6226CA4FF0096FFB1 /* PostListViewModelTests.swift */ = {isa = PBXFileReference; lastKnownFileType = sourcecode.swift; path = PostListViewModelTests.swift; sourceTree = "<group>"; };
		8B122B922264E4B900B52DFB /* ServiceError.swift */ = {isa = PBXFileReference; lastKnownFileType = sourcecode.swift; path = ServiceError.swift; sourceTree = "<group>"; };
		8B122B992264E85800B52DFB /* PostListModuleConfiguratorTests.swift */ = {isa = PBXFileReference; lastKnownFileType = sourcecode.swift; path = PostListModuleConfiguratorTests.swift; sourceTree = "<group>"; };
		8B122B9B2264E87D00B52DFB /* XCTest.swift */ = {isa = PBXFileReference; lastKnownFileType = sourcecode.swift; path = XCTest.swift; sourceTree = "<group>"; };
		8B122B9D2264E8FC00B52DFB /* UIViewController.swift */ = {isa = PBXFileReference; lastKnownFileType = sourcecode.swift; path = UIViewController.swift; sourceTree = "<group>"; };
		8BBC1209227F376000C5324C /* Strings.swift */ = {isa = PBXFileReference; lastKnownFileType = sourcecode.swift; path = Strings.swift; sourceTree = "<group>"; };
		8BBC120B227F377100C5324C /* Localizable.strings */ = {isa = PBXFileReference; lastKnownFileType = text.plist.strings; path = Localizable.strings; sourceTree = "<group>"; };
		8BBC1210227F37C100C5324C /* .travis.yml */ = {isa = PBXFileReference; lastKnownFileType = text; path = .travis.yml; sourceTree = "<group>"; };
		8BBC1211227F37C100C5324C /* .codecov.yml */ = {isa = PBXFileReference; lastKnownFileType = text; path = .codecov.yml; sourceTree = "<group>"; };
		8BBC1212227F37C100C5324C /* swiftgen.yml */ = {isa = PBXFileReference; lastKnownFileType = text; path = swiftgen.yml; sourceTree = "<group>"; };
		8BBC1213227F380B00C5324C /* Assets.swift */ = {isa = PBXFileReference; lastKnownFileType = sourcecode.swift; path = Assets.swift; sourceTree = "<group>"; };
		8BBC1217227F393600C5324C /* .gitignore */ = {isa = PBXFileReference; lastKnownFileType = text; path = .gitignore; sourceTree = "<group>"; };
		8BFCB4D8225A02CE006B3279 /* mvvm.app */ = {isa = PBXFileReference; explicitFileType = wrapper.application; includeInIndex = 0; path = mvvm.app; sourceTree = BUILT_PRODUCTS_DIR; };
		8BFCB4DB225A02CE006B3279 /* AppDelegate.swift */ = {isa = PBXFileReference; lastKnownFileType = sourcecode.swift; path = AppDelegate.swift; sourceTree = "<group>"; };
		8BFCB4E2225A02D0006B3279 /* Assets.xcassets */ = {isa = PBXFileReference; lastKnownFileType = folder.assetcatalog; path = Assets.xcassets; sourceTree = "<group>"; };
		8BFCB4E5225A02D0006B3279 /* Base */ = {isa = PBXFileReference; lastKnownFileType = file.storyboard; name = Base; path = Base.lproj/LaunchScreen.storyboard; sourceTree = "<group>"; };
		8BFCB4E7225A02D0006B3279 /* Info.plist */ = {isa = PBXFileReference; lastKnownFileType = text.plist.xml; path = Info.plist; sourceTree = "<group>"; };
		8BFCB4EC225A02D0006B3279 /* mvvmTests.xctest */ = {isa = PBXFileReference; explicitFileType = wrapper.cfbundle; includeInIndex = 0; path = mvvmTests.xctest; sourceTree = BUILT_PRODUCTS_DIR; };
		8BFCB4F2225A02D0006B3279 /* Info.plist */ = {isa = PBXFileReference; lastKnownFileType = text.plist.xml; path = Info.plist; sourceTree = "<group>"; };
		8BFCB4FC225A031C006B3279 /* Gemfile */ = {isa = PBXFileReference; fileEncoding = 4; lastKnownFileType = text; path = Gemfile; sourceTree = "<group>"; };
		8BFCB4FD225A031C006B3279 /* Podfile */ = {isa = PBXFileReference; fileEncoding = 4; lastKnownFileType = text; path = Podfile; sourceTree = "<group>"; xcLanguageSpecificationIdentifier = xcode.lang.ruby; };
		8BFCB4FE225A031C006B3279 /* Makefile */ = {isa = PBXFileReference; fileEncoding = 4; lastKnownFileType = sourcecode.make; path = Makefile; sourceTree = "<group>"; };
		8BFCB503225A0487006B3279 /* .swiftlint.yml */ = {isa = PBXFileReference; fileEncoding = 4; lastKnownFileType = text; path = .swiftlint.yml; sourceTree = "<group>"; };
		8BFCB506225A0722006B3279 /* ViewModel.swift */ = {isa = PBXFileReference; lastKnownFileType = sourcecode.swift; path = ViewModel.swift; sourceTree = "<group>"; };
		8BFCB50C225A0784006B3279 /* ApplicationCoordinator.swift */ = {isa = PBXFileReference; lastKnownFileType = sourcecode.swift; path = ApplicationCoordinator.swift; sourceTree = "<group>"; };
		8BFCB50E225A0795006B3279 /* Coordinator.swift */ = {isa = PBXFileReference; lastKnownFileType = sourcecode.swift; path = Coordinator.swift; sourceTree = "<group>"; };
		8BFCB510225A07A9006B3279 /* BaseCoordinator.swift */ = {isa = PBXFileReference; lastKnownFileType = sourcecode.swift; path = BaseCoordinator.swift; sourceTree = "<group>"; };
		8BFCB512225A07C2006B3279 /* Router.swift */ = {isa = PBXFileReference; lastKnownFileType = sourcecode.swift; path = Router.swift; sourceTree = "<group>"; };
		8BFCB514225A07D7006B3279 /* MainRouter.swift */ = {isa = PBXFileReference; lastKnownFileType = sourcecode.swift; path = MainRouter.swift; sourceTree = "<group>"; };
		8BFCB516225A07F7006B3279 /* Presentable.swift */ = {isa = PBXFileReference; lastKnownFileType = sourcecode.swift; path = Presentable.swift; sourceTree = "<group>"; };
		8BFCB519225A0854006B3279 /* UIApplication.swift */ = {isa = PBXFileReference; lastKnownFileType = sourcecode.swift; path = UIApplication.swift; sourceTree = "<group>"; };
		8BFCB51B225A0A29006B3279 /* PostListModuleConfigurator.swift */ = {isa = PBXFileReference; lastKnownFileType = sourcecode.swift; path = PostListModuleConfigurator.swift; sourceTree = "<group>"; };
		8BFCB520225A0B1F006B3279 /* PostListViewModel.swift */ = {isa = PBXFileReference; lastKnownFileType = sourcecode.swift; path = PostListViewModel.swift; sourceTree = "<group>"; };
		8BFCB522225A0B29006B3279 /* PostListViewController.swift */ = {isa = PBXFileReference; lastKnownFileType = sourcecode.swift; path = PostListViewController.swift; sourceTree = "<group>"; };
		8BFCB524225A16FD006B3279 /* ErrorTracker.swift */ = {isa = PBXFileReference; lastKnownFileType = sourcecode.swift; path = ErrorTracker.swift; sourceTree = "<group>"; };
		8BFCB528225A179B006B3279 /* Observable+Ext.swift */ = {isa = PBXFileReference; lastKnownFileType = sourcecode.swift; path = "Observable+Ext.swift"; sourceTree = "<group>"; };
		8BFCB52C225A3B4C006B3279 /* PostsAbstractService.swift */ = {isa = PBXFileReference; lastKnownFileType = sourcecode.swift; path = PostsAbstractService.swift; sourceTree = "<group>"; };
		8BFCB52F225A3B5D006B3279 /* PostsService.swift */ = {isa = PBXFileReference; lastKnownFileType = sourcecode.swift; path = PostsService.swift; sourceTree = "<group>"; };
		8BFCB531225A3F13006B3279 /* Post.swift */ = {isa = PBXFileReference; lastKnownFileType = sourcecode.swift; path = Post.swift; sourceTree = "<group>"; };
		8BFCB534225A401E006B3279 /* UIViewController+Rx.swift */ = {isa = PBXFileReference; lastKnownFileType = sourcecode.swift; path = "UIViewController+Rx.swift"; sourceTree = "<group>"; };
		8BFCB536225A4386006B3279 /* PostListTableViewCell.swift */ = {isa = PBXFileReference; lastKnownFileType = sourcecode.swift; path = PostListTableViewCell.swift; sourceTree = "<group>"; };
		8BFCB53D225A4D42006B3279 /* ActivityIndicator.swift */ = {isa = PBXFileReference; lastKnownFileType = sourcecode.swift; path = ActivityIndicator.swift; sourceTree = "<group>"; };
		8FFCDABD49FD3EA6B3836E03 /* Pods-mvvmTests.release.xcconfig */ = {isa = PBXFileReference; includeInIndex = 1; lastKnownFileType = text.xcconfig; name = "Pods-mvvmTests.release.xcconfig"; path = "Target Support Files/Pods-mvvmTests/Pods-mvvmTests.release.xcconfig"; sourceTree = "<group>"; };
		A3BFC9B0AA890DD94D31B23A /* Pods-mvvm.release.xcconfig */ = {isa = PBXFileReference; includeInIndex = 1; lastKnownFileType = text.xcconfig; name = "Pods-mvvm.release.xcconfig"; path = "Target Support Files/Pods-mvvm/Pods-mvvm.release.xcconfig"; sourceTree = "<group>"; };
		E51F1AA955E44A4DF4C72A3E /* Pods-mvvm.debug.xcconfig */ = {isa = PBXFileReference; includeInIndex = 1; lastKnownFileType = text.xcconfig; name = "Pods-mvvm.debug.xcconfig"; path = "Target Support Files/Pods-mvvm/Pods-mvvm.debug.xcconfig"; sourceTree = "<group>"; };
		EE99B1B4EC7A8BEA22391AF1 /* Pods-mvvmTests.debug.xcconfig */ = {isa = PBXFileReference; includeInIndex = 1; lastKnownFileType = text.xcconfig; name = "Pods-mvvmTests.debug.xcconfig"; path = "Target Support Files/Pods-mvvmTests/Pods-mvvmTests.debug.xcconfig"; sourceTree = "<group>"; };
/* End PBXFileReference section */

/* Begin PBXFrameworksBuildPhase section */
		8BFCB4D5225A02CE006B3279 /* Frameworks */ = {
			isa = PBXFrameworksBuildPhase;
			buildActionMask = 2147483647;
			files = (
				520951BDFC9CDA9027D82623 /* Pods_mvvm.framework in Frameworks */,
			);
			runOnlyForDeploymentPostprocessing = 0;
		};
		8BFCB4E9225A02D0006B3279 /* Frameworks */ = {
			isa = PBXFrameworksBuildPhase;
			buildActionMask = 2147483647;
			files = (
				BF221505A9C6C732B44E5923 /* Pods_mvvmTests.framework in Frameworks */,
			);
			runOnlyForDeploymentPostprocessing = 0;
		};
/* End PBXFrameworksBuildPhase section */

/* Begin PBXGroup section */
		0A88ABDC873016488184D761 /* Frameworks */ = {
			isa = PBXGroup;
			children = (
				837F35ACAD743B129274CB97 /* Pods_mvvm.framework */,
				12B4DEB9658214E7851DD788 /* Pods_mvvmTests.framework */,
			);
			name = Frameworks;
			sourceTree = "<group>";
		};
		8B1020A4226CA4E20096FFB1 /* UserStories */ = {
			isa = PBXGroup;
			children = (
				8B1020A5226CA4E90096FFB1 /* Posts */,
			);
			path = UserStories;
			sourceTree = "<group>";
		};
		8B1020A5226CA4E90096FFB1 /* Posts */ = {
			isa = PBXGroup;
			children = (
				8B1020A8226CA5020096FFB1 /* PostList */,
			);
			path = Posts;
			sourceTree = "<group>";
		};
		8B1020A8226CA5020096FFB1 /* PostList */ = {
			isa = PBXGroup;
			children = (
				8B122B992264E85800B52DFB /* PostListModuleConfiguratorTests.swift */,
				8B1020A6226CA4FF0096FFB1 /* PostListViewModelTests.swift */,
			);
			path = PostList;
			sourceTree = "<group>";
		};
		8B122B942264E4C200B52DFB /* Models */ = {
			isa = PBXGroup;
			children = (
				8B122B922264E4B900B52DFB /* ServiceError.swift */,
			);
			path = Models;
			sourceTree = "<group>";
		};
		8BBC120D227F377500C5324C /* Strings */ = {
			isa = PBXGroup;
			children = (
				8BBC120B227F377100C5324C /* Localizable.strings */,
			);
			path = Strings;
			sourceTree = "<group>";
		};
		8BBC120E227F377C00C5324C /* Constants */ = {
			isa = PBXGroup;
			children = (
				8BBC1213227F380B00C5324C /* Assets.swift */,
				8BBC1209227F376000C5324C /* Strings.swift */,
			);
			path = Constants;
			sourceTree = "<group>";
		};
		8BBC120F227F378100C5324C /* Images */ = {
			isa = PBXGroup;
			children = (
				8BFCB4E2225A02D0006B3279 /* Assets.xcassets */,
			);
			path = Images;
			sourceTree = "<group>";
		};
		8BFCB4CF225A02CE006B3279 = {
			isa = PBXGroup;
			children = (
				8BFCB502225A0327006B3279 /* Non-iOS Resources */,
				8BFCB4DA225A02CE006B3279 /* mvvm */,
				8BFCB4EF225A02D0006B3279 /* mvvmTests */,
				8BFCB4D9225A02CE006B3279 /* Products */,
				D3940EFE3E8A763B96D1DCDD /* Pods */,
				0A88ABDC873016488184D761 /* Frameworks */,
			);
			sourceTree = "<group>";
		};
		8BFCB4D9225A02CE006B3279 /* Products */ = {
			isa = PBXGroup;
			children = (
				8BFCB4D8225A02CE006B3279 /* mvvm.app */,
				8BFCB4EC225A02D0006B3279 /* mvvmTests.xctest */,
			);
			name = Products;
			sourceTree = "<group>";
		};
		8BFCB4DA225A02CE006B3279 /* mvvm */ = {
			isa = PBXGroup;
			children = (
				8BFCB50A225A0757006B3279 /* Application */,
				8BFCB51D225A0A32006B3279 /* User Stories */,
				8BFCB50B225A075C006B3279 /* Resources */,
				8BFCB508225A072F006B3279 /* Library */,
				8BFCB52E225A3B4F006B3279 /* Services */,
				8BFCB533225A3F16006B3279 /* Model */,
			);
			path = mvvm;
			sourceTree = "<group>";
		};
		8BFCB4EF225A02D0006B3279 /* mvvmTests */ = {
			isa = PBXGroup;
			children = (
				8BFCB4F2225A02D0006B3279 /* Info.plist */,
				8B122B9B2264E87D00B52DFB /* XCTest.swift */,
				8B1020A4226CA4E20096FFB1 /* UserStories */,
			);
			path = mvvmTests;
			sourceTree = "<group>";
		};
		8BFCB502225A0327006B3279 /* Non-iOS Resources */ = {
			isa = PBXGroup;
			children = (
				8BFCB4FC225A031C006B3279 /* Gemfile */,
				8BFCB4FE225A031C006B3279 /* Makefile */,
				8BFCB4FD225A031C006B3279 /* Podfile */,
				8BBC1217227F393600C5324C /* .gitignore */,
				8BFCB503225A0487006B3279 /* .swiftlint.yml */,
				8BBC1211227F37C100C5324C /* .codecov.yml */,
				8BBC1210227F37C100C5324C /* .travis.yml */,
				8BBC1212227F37C100C5324C /* swiftgen.yml */,
			);
			name = "Non-iOS Resources";
			sourceTree = "<group>";
		};
		8BFCB508225A072F006B3279 /* Library */ = {
			isa = PBXGroup;
			children = (
				8BFCB52B225A17C4006B3279 /* Base Classes */,
				8BFCB518225A0811006B3279 /* Coordinators Support */,
				8BFCB52A225A17BB006B3279 /* Extensions */,
				8BFCB509225A0735006B3279 /* Protocols */,
				8B122B942264E4C200B52DFB /* Models */,
			);
			path = Library;
			sourceTree = "<group>";
		};
		8BFCB509225A0735006B3279 /* Protocols */ = {
			isa = PBXGroup;
			children = (
				8BFCB506225A0722006B3279 /* ViewModel.swift */,
			);
			path = Protocols;
			sourceTree = "<group>";
		};
		8BFCB50A225A0757006B3279 /* Application */ = {
			isa = PBXGroup;
			children = (
				8BFCB4DB225A02CE006B3279 /* AppDelegate.swift */,
				8BFCB50C225A0784006B3279 /* ApplicationCoordinator.swift */,
				8BFCB4E4225A02D0006B3279 /* LaunchScreen.storyboard */,
				8BFCB4E7225A02D0006B3279 /* Info.plist */,
			);
			path = Application;
			sourceTree = "<group>";
		};
		8BFCB50B225A075C006B3279 /* Resources */ = {
			isa = PBXGroup;
			children = (
				8BBC120E227F377C00C5324C /* Constants */,
				8BBC120F227F378100C5324C /* Images */,
				8BBC120D227F377500C5324C /* Strings */,
			);
			path = Resources;
			sourceTree = "<group>";
		};
		8BFCB518225A0811006B3279 /* Coordinators Support */ = {
			isa = PBXGroup;
			children = (
				8BFCB50E225A0795006B3279 /* Coordinator.swift */,
				8BFCB510225A07A9006B3279 /* BaseCoordinator.swift */,
				8BFCB512225A07C2006B3279 /* Router.swift */,
				8BFCB514225A07D7006B3279 /* MainRouter.swift */,
				8BFCB516225A07F7006B3279 /* Presentable.swift */,
			);
			path = "Coordinators Support";
			sourceTree = "<group>";
		};
		8BFCB51D225A0A32006B3279 /* User Stories */ = {
			isa = PBXGroup;
			children = (
				8BFCB51E225A0A38006B3279 /* Posts */,
			);
			path = "User Stories";
			sourceTree = "<group>";
		};
		8BFCB51E225A0A38006B3279 /* Posts */ = {
			isa = PBXGroup;
			children = (
				8BFCB51F225A0A44006B3279 /* PostList */,
			);
			path = Posts;
			sourceTree = "<group>";
		};
		8BFCB51F225A0A44006B3279 /* PostList */ = {
			isa = PBXGroup;
			children = (
				8BFCB538225A45D3006B3279 /* Configurator */,
				8BFCB53A225A45DD006B3279 /* ViewModel */,
				8BFCB53B225A45E4006B3279 /* View */,
			);
			path = PostList;
			sourceTree = "<group>";
		};
		8BFCB52A225A17BB006B3279 /* Extensions */ = {
			isa = PBXGroup;
			children = (
				8BFCB519225A0854006B3279 /* UIApplication.swift */,
				8BFCB528225A179B006B3279 /* Observable+Ext.swift */,
				8BFCB534225A401E006B3279 /* UIViewController+Rx.swift */,
				8B122B9D2264E8FC00B52DFB /* UIViewController.swift */,
			);
			path = Extensions;
			sourceTree = "<group>";
		};
		8BFCB52B225A17C4006B3279 /* Base Classes */ = {
			isa = PBXGroup;
			children = (
				8BFCB524225A16FD006B3279 /* ErrorTracker.swift */,
				8BFCB53D225A4D42006B3279 /* ActivityIndicator.swift */,
			);
			path = "Base Classes";
			sourceTree = "<group>";
		};
		8BFCB52E225A3B4F006B3279 /* Services */ = {
			isa = PBXGroup;
			children = (
				8BFCB52C225A3B4C006B3279 /* PostsAbstractService.swift */,
				8BFCB52F225A3B5D006B3279 /* PostsService.swift */,
			);
			path = Services;
			sourceTree = "<group>";
		};
		8BFCB533225A3F16006B3279 /* Model */ = {
			isa = PBXGroup;
			children = (
				8BFCB531225A3F13006B3279 /* Post.swift */,
			);
			path = Model;
			sourceTree = "<group>";
		};
		8BFCB538225A45D3006B3279 /* Configurator */ = {
			isa = PBXGroup;
			children = (
				8BFCB51B225A0A29006B3279 /* PostListModuleConfigurator.swift */,
			);
			path = Configurator;
			sourceTree = "<group>";
		};
		8BFCB53A225A45DD006B3279 /* ViewModel */ = {
			isa = PBXGroup;
			children = (
				8BFCB520225A0B1F006B3279 /* PostListViewModel.swift */,
			);
			path = ViewModel;
			sourceTree = "<group>";
		};
		8BFCB53B225A45E4006B3279 /* View */ = {
			isa = PBXGroup;
			children = (
				8BFCB53C225A45ED006B3279 /* Subviews */,
				8BFCB522225A0B29006B3279 /* PostListViewController.swift */,
			);
			path = View;
			sourceTree = "<group>";
		};
		8BFCB53C225A45ED006B3279 /* Subviews */ = {
			isa = PBXGroup;
			children = (
				8BFCB536225A4386006B3279 /* PostListTableViewCell.swift */,
			);
			path = Subviews;
			sourceTree = "<group>";
		};
		D3940EFE3E8A763B96D1DCDD /* Pods */ = {
			isa = PBXGroup;
			children = (
				E51F1AA955E44A4DF4C72A3E /* Pods-mvvm.debug.xcconfig */,
				A3BFC9B0AA890DD94D31B23A /* Pods-mvvm.release.xcconfig */,
				EE99B1B4EC7A8BEA22391AF1 /* Pods-mvvmTests.debug.xcconfig */,
				8FFCDABD49FD3EA6B3836E03 /* Pods-mvvmTests.release.xcconfig */,
			);
			path = Pods;
			sourceTree = "<group>";
		};
/* End PBXGroup section */

/* Begin PBXNativeTarget section */
		8BFCB4D7225A02CE006B3279 /* mvvm */ = {
			isa = PBXNativeTarget;
			buildConfigurationList = 8BFCB4F5225A02D0006B3279 /* Build configuration list for PBXNativeTarget "mvvm" */;
			buildPhases = (
				4D693665D942595DB4745AD3 /* [CP] Check Pods Manifest.lock */,
				8BBC1216227F384000C5324C /* SwiftGen */,
				8BFCB505225A04C4006B3279 /* SwiftLint */,
				8BFCB4D4225A02CE006B3279 /* Sources */,
				8BFCB4D5225A02CE006B3279 /* Frameworks */,
				8BFCB4D6225A02CE006B3279 /* Resources */,
				A2A90FCF2B1C5A4838D7DDF6 /* [CP] Embed Pods Frameworks */,
			);
			buildRules = (
			);
			dependencies = (
			);
			name = mvvm;
			productName = mvvm;
			productReference = 8BFCB4D8225A02CE006B3279 /* mvvm.app */;
			productType = "com.apple.product-type.application";
		};
		8BFCB4EB225A02D0006B3279 /* mvvmTests */ = {
			isa = PBXNativeTarget;
			buildConfigurationList = 8BFCB4F8225A02D0006B3279 /* Build configuration list for PBXNativeTarget "mvvmTests" */;
			buildPhases = (
				F4FC44A0D7D7B4255DB8D45A /* [CP] Check Pods Manifest.lock */,
				8BFCB4E8225A02D0006B3279 /* Sources */,
				8BFCB4E9225A02D0006B3279 /* Frameworks */,
				8BFCB4EA225A02D0006B3279 /* Resources */,
				4DED7D01E8257E3EDE09F9BF /* [CP] Embed Pods Frameworks */,
			);
			buildRules = (
			);
			dependencies = (
				8BFCB4EE225A02D0006B3279 /* PBXTargetDependency */,
			);
			name = mvvmTests;
			productName = mvvmTests;
			productReference = 8BFCB4EC225A02D0006B3279 /* mvvmTests.xctest */;
			productType = "com.apple.product-type.bundle.unit-test";
		};
/* End PBXNativeTarget section */

/* Begin PBXProject section */
		8BFCB4D0225A02CE006B3279 /* Project object */ = {
			isa = PBXProject;
			attributes = {
				LastSwiftUpdateCheck = 1010;
				LastUpgradeCheck = 1010;
				ORGANIZATIONNAME = "Ivan Smetanin";
				TargetAttributes = {
					8BFCB4D7225A02CE006B3279 = {
						CreatedOnToolsVersion = 10.1;
					};
					8BFCB4EB225A02D0006B3279 = {
						CreatedOnToolsVersion = 10.1;
						LastSwiftMigration = 1020;
						TestTargetID = 8BFCB4D7225A02CE006B3279;
					};
				};
			};
			buildConfigurationList = 8BFCB4D3225A02CE006B3279 /* Build configuration list for PBXProject "mvvm" */;
			compatibilityVersion = "Xcode 9.3";
			developmentRegion = en;
			hasScannedForEncodings = 0;
			knownRegions = (
				en,
				Base,
			);
			mainGroup = 8BFCB4CF225A02CE006B3279;
			productRefGroup = 8BFCB4D9225A02CE006B3279 /* Products */;
			projectDirPath = "";
			projectRoot = "";
			targets = (
				8BFCB4D7225A02CE006B3279 /* mvvm */,
				8BFCB4EB225A02D0006B3279 /* mvvmTests */,
			);
		};
/* End PBXProject section */

/* Begin PBXResourcesBuildPhase section */
		8BFCB4D6225A02CE006B3279 /* Resources */ = {
			isa = PBXResourcesBuildPhase;
			buildActionMask = 2147483647;
			files = (
				8BFCB4E6225A02D0006B3279 /* LaunchScreen.storyboard in Resources */,
				8BBC120C227F377100C5324C /* Localizable.strings in Resources */,
				8BFCB4E3225A02D0006B3279 /* Assets.xcassets in Resources */,
			);
			runOnlyForDeploymentPostprocessing = 0;
		};
		8BFCB4EA225A02D0006B3279 /* Resources */ = {
			isa = PBXResourcesBuildPhase;
			buildActionMask = 2147483647;
			files = (
			);
			runOnlyForDeploymentPostprocessing = 0;
		};
/* End PBXResourcesBuildPhase section */

/* Begin PBXShellScriptBuildPhase section */
		4D693665D942595DB4745AD3 /* [CP] Check Pods Manifest.lock */ = {
			isa = PBXShellScriptBuildPhase;
			buildActionMask = 2147483647;
			files = (
			);
			inputFileListPaths = (
			);
			inputPaths = (
				"${PODS_PODFILE_DIR_PATH}/Podfile.lock",
				"${PODS_ROOT}/Manifest.lock",
			);
			name = "[CP] Check Pods Manifest.lock";
			outputFileListPaths = (
			);
			outputPaths = (
				"$(DERIVED_FILE_DIR)/Pods-mvvm-checkManifestLockResult.txt",
			);
			runOnlyForDeploymentPostprocessing = 0;
			shellPath = /bin/sh;
			shellScript = "diff \"${PODS_PODFILE_DIR_PATH}/Podfile.lock\" \"${PODS_ROOT}/Manifest.lock\" > /dev/null\nif [ $? != 0 ] ; then\n    # print error to STDERR\n    echo \"error: The sandbox is not in sync with the Podfile.lock. Run 'pod install' or update your CocoaPods installation.\" >&2\n    exit 1\nfi\n# This output is used by Xcode 'outputs' to avoid re-running this script phase.\necho \"SUCCESS\" > \"${SCRIPT_OUTPUT_FILE_0}\"\n";
			showEnvVarsInLog = 0;
		};
		4DED7D01E8257E3EDE09F9BF /* [CP] Embed Pods Frameworks */ = {
			isa = PBXShellScriptBuildPhase;
			buildActionMask = 2147483647;
			files = (
			);
			inputFileListPaths = (
			);
			inputPaths = (
				"${PODS_ROOT}/Target Support Files/Pods-mvvmTests/Pods-mvvmTests-frameworks.sh",
				"${BUILT_PRODUCTS_DIR}/RxBlocking/RxBlocking.framework",
				"${BUILT_PRODUCTS_DIR}/RxCocoa/RxCocoa.framework",
				"${BUILT_PRODUCTS_DIR}/RxSwift/RxSwift.framework",
				"${BUILT_PRODUCTS_DIR}/RxTest/RxTest.framework",
			);
			name = "[CP] Embed Pods Frameworks";
			outputFileListPaths = (
			);
			outputPaths = (
				"${TARGET_BUILD_DIR}/${FRAMEWORKS_FOLDER_PATH}/RxBlocking.framework",
				"${TARGET_BUILD_DIR}/${FRAMEWORKS_FOLDER_PATH}/RxCocoa.framework",
				"${TARGET_BUILD_DIR}/${FRAMEWORKS_FOLDER_PATH}/RxSwift.framework",
				"${TARGET_BUILD_DIR}/${FRAMEWORKS_FOLDER_PATH}/RxTest.framework",
			);
			runOnlyForDeploymentPostprocessing = 0;
			shellPath = /bin/sh;
			shellScript = "\"${PODS_ROOT}/Target Support Files/Pods-mvvmTests/Pods-mvvmTests-frameworks.sh\"\n";
			showEnvVarsInLog = 0;
		};
		8BBC1216227F384000C5324C /* SwiftGen */ = {
			isa = PBXShellScriptBuildPhase;
			buildActionMask = 2147483647;
			files = (
			);
			inputFileListPaths = (
			);
			inputPaths = (
			);
			name = SwiftGen;
			outputFileListPaths = (
			);
			outputPaths = (
			);
			runOnlyForDeploymentPostprocessing = 0;
			shellPath = /bin/sh;
			shellScript = "${SRCROOT}/Pods/SwiftGen/bin/swiftgen\n";
		};
		8BFCB505225A04C4006B3279 /* SwiftLint */ = {
			isa = PBXShellScriptBuildPhase;
			buildActionMask = 2147483647;
			files = (
			);
			inputFileListPaths = (
			);
			inputPaths = (
			);
			name = SwiftLint;
			outputFileListPaths = (
			);
			outputPaths = (
			);
			runOnlyForDeploymentPostprocessing = 0;
			shellPath = /bin/sh;
			shellScript = "if which \"${SRCROOT}/Pods/SwiftLint/swiftlint\" >/dev/null; then\n    ${SRCROOT}/Pods/SwiftLint/swiftlint --config \"${SRCROOT}/.swiftlint.yml\"\nelse\n    echo \"error: SwiftLint does not exist, download it from https://github.com/realm/SwiftLint\"\nexit 1\nfi\n";
		};
		A2A90FCF2B1C5A4838D7DDF6 /* [CP] Embed Pods Frameworks */ = {
			isa = PBXShellScriptBuildPhase;
			buildActionMask = 2147483647;
			files = (
			);
			inputFileListPaths = (
			);
			inputPaths = (
				"${PODS_ROOT}/Target Support Files/Pods-mvvm/Pods-mvvm-frameworks.sh",
				"${BUILT_PRODUCTS_DIR}/RxBlocking/RxBlocking.framework",
				"${BUILT_PRODUCTS_DIR}/RxCocoa/RxCocoa.framework",
				"${BUILT_PRODUCTS_DIR}/RxSwift/RxSwift.framework",
				"${BUILT_PRODUCTS_DIR}/RxTest/RxTest.framework",
			);
			name = "[CP] Embed Pods Frameworks";
			outputFileListPaths = (
			);
			outputPaths = (
				"${TARGET_BUILD_DIR}/${FRAMEWORKS_FOLDER_PATH}/RxBlocking.framework",
				"${TARGET_BUILD_DIR}/${FRAMEWORKS_FOLDER_PATH}/RxCocoa.framework",
				"${TARGET_BUILD_DIR}/${FRAMEWORKS_FOLDER_PATH}/RxSwift.framework",
				"${TARGET_BUILD_DIR}/${FRAMEWORKS_FOLDER_PATH}/RxTest.framework",
			);
			runOnlyForDeploymentPostprocessing = 0;
			shellPath = /bin/sh;
			shellScript = "\"${PODS_ROOT}/Target Support Files/Pods-mvvm/Pods-mvvm-frameworks.sh\"\n";
			showEnvVarsInLog = 0;
		};
		F4FC44A0D7D7B4255DB8D45A /* [CP] Check Pods Manifest.lock */ = {
			isa = PBXShellScriptBuildPhase;
			buildActionMask = 2147483647;
			files = (
			);
			inputFileListPaths = (
			);
			inputPaths = (
				"${PODS_PODFILE_DIR_PATH}/Podfile.lock",
				"${PODS_ROOT}/Manifest.lock",
			);
			name = "[CP] Check Pods Manifest.lock";
			outputFileListPaths = (
			);
			outputPaths = (
				"$(DERIVED_FILE_DIR)/Pods-mvvmTests-checkManifestLockResult.txt",
			);
			runOnlyForDeploymentPostprocessing = 0;
			shellPath = /bin/sh;
			shellScript = "diff \"${PODS_PODFILE_DIR_PATH}/Podfile.lock\" \"${PODS_ROOT}/Manifest.lock\" > /dev/null\nif [ $? != 0 ] ; then\n    # print error to STDERR\n    echo \"error: The sandbox is not in sync with the Podfile.lock. Run 'pod install' or update your CocoaPods installation.\" >&2\n    exit 1\nfi\n# This output is used by Xcode 'outputs' to avoid re-running this script phase.\necho \"SUCCESS\" > \"${SCRIPT_OUTPUT_FILE_0}\"\n";
			showEnvVarsInLog = 0;
		};
/* End PBXShellScriptBuildPhase section */

/* Begin PBXSourcesBuildPhase section */
		8BFCB4D4225A02CE006B3279 /* Sources */ = {
			isa = PBXSourcesBuildPhase;
			buildActionMask = 2147483647;
			files = (
				8BFCB515225A07D7006B3279 /* MainRouter.swift in Sources */,
				8BFCB511225A07A9006B3279 /* BaseCoordinator.swift in Sources */,
				8BBC1214227F380B00C5324C /* Assets.swift in Sources */,
				8BFCB507225A0722006B3279 /* ViewModel.swift in Sources */,
				8BFCB513225A07C2006B3279 /* Router.swift in Sources */,
				8BFCB535225A401E006B3279 /* UIViewController+Rx.swift in Sources */,
				8BFCB537225A4386006B3279 /* PostListTableViewCell.swift in Sources */,
				8BFCB532225A3F13006B3279 /* Post.swift in Sources */,
				8BFCB523225A0B29006B3279 /* PostListViewController.swift in Sources */,
				8BFCB52D225A3B4C006B3279 /* PostsAbstractService.swift in Sources */,
				8BFCB525225A16FD006B3279 /* ErrorTracker.swift in Sources */,
				8BFCB530225A3B5D006B3279 /* PostsService.swift in Sources */,
				8BFCB50F225A0795006B3279 /* Coordinator.swift in Sources */,
				8B122B932264E4B900B52DFB /* ServiceError.swift in Sources */,
				8BFCB4DC225A02CE006B3279 /* AppDelegate.swift in Sources */,
				8B122B9E2264E8FC00B52DFB /* UIViewController.swift in Sources */,
				8BFCB51C225A0A29006B3279 /* PostListModuleConfigurator.swift in Sources */,
				8BFCB50D225A0784006B3279 /* ApplicationCoordinator.swift in Sources */,
				8BFCB51A225A0854006B3279 /* UIApplication.swift in Sources */,
				8BFCB53E225A4D42006B3279 /* ActivityIndicator.swift in Sources */,
				8BFCB517225A07F7006B3279 /* Presentable.swift in Sources */,
				8BFCB529225A179B006B3279 /* Observable+Ext.swift in Sources */,
				8BFCB521225A0B1F006B3279 /* PostListViewModel.swift in Sources */,
				8BBC120A227F376000C5324C /* Strings.swift in Sources */,
			);
			runOnlyForDeploymentPostprocessing = 0;
		};
		8BFCB4E8225A02D0006B3279 /* Sources */ = {
			isa = PBXSourcesBuildPhase;
			buildActionMask = 2147483647;
			files = (
				8B122B9C2264E87D00B52DFB /* XCTest.swift in Sources */,
				8B1020A7226CA4FF0096FFB1 /* PostListViewModelTests.swift in Sources */,
				8B122B9A2264E85800B52DFB /* PostListModuleConfiguratorTests.swift in Sources */,
			);
			runOnlyForDeploymentPostprocessing = 0;
		};
/* End PBXSourcesBuildPhase section */

/* Begin PBXTargetDependency section */
		8BFCB4EE225A02D0006B3279 /* PBXTargetDependency */ = {
			isa = PBXTargetDependency;
			target = 8BFCB4D7225A02CE006B3279 /* mvvm */;
			targetProxy = 8BFCB4ED225A02D0006B3279 /* PBXContainerItemProxy */;
		};
/* End PBXTargetDependency section */

/* Begin PBXVariantGroup section */
		8BFCB4E4225A02D0006B3279 /* LaunchScreen.storyboard */ = {
			isa = PBXVariantGroup;
			children = (
				8BFCB4E5225A02D0006B3279 /* Base */,
			);
			name = LaunchScreen.storyboard;
			sourceTree = "<group>";
		};
/* End PBXVariantGroup section */

/* Begin XCBuildConfiguration section */
		8BFCB4F3225A02D0006B3279 /* Debug */ = {
			isa = XCBuildConfiguration;
			buildSettings = {
				ALWAYS_SEARCH_USER_PATHS = NO;
				CLANG_ANALYZER_NONNULL = YES;
				CLANG_ANALYZER_NUMBER_OBJECT_CONVERSION = YES_AGGRESSIVE;
				CLANG_CXX_LANGUAGE_STANDARD = "gnu++14";
				CLANG_CXX_LIBRARY = "libc++";
				CLANG_ENABLE_MODULES = YES;
				CLANG_ENABLE_OBJC_ARC = YES;
				CLANG_ENABLE_OBJC_WEAK = YES;
				CLANG_WARN_BLOCK_CAPTURE_AUTORELEASING = YES;
				CLANG_WARN_BOOL_CONVERSION = YES;
				CLANG_WARN_COMMA = YES;
				CLANG_WARN_CONSTANT_CONVERSION = YES;
				CLANG_WARN_DEPRECATED_OBJC_IMPLEMENTATIONS = YES;
				CLANG_WARN_DIRECT_OBJC_ISA_USAGE = YES_ERROR;
				CLANG_WARN_DOCUMENTATION_COMMENTS = YES;
				CLANG_WARN_EMPTY_BODY = YES;
				CLANG_WARN_ENUM_CONVERSION = YES;
				CLANG_WARN_INFINITE_RECURSION = YES;
				CLANG_WARN_INT_CONVERSION = YES;
				CLANG_WARN_NON_LITERAL_NULL_CONVERSION = YES;
				CLANG_WARN_OBJC_IMPLICIT_RETAIN_SELF = YES;
				CLANG_WARN_OBJC_LITERAL_CONVERSION = YES;
				CLANG_WARN_OBJC_ROOT_CLASS = YES_ERROR;
				CLANG_WARN_RANGE_LOOP_ANALYSIS = YES;
				CLANG_WARN_STRICT_PROTOTYPES = YES;
				CLANG_WARN_SUSPICIOUS_MOVE = YES;
				CLANG_WARN_UNGUARDED_AVAILABILITY = YES_AGGRESSIVE;
				CLANG_WARN_UNREACHABLE_CODE = YES;
				CLANG_WARN__DUPLICATE_METHOD_MATCH = YES;
				CODE_SIGN_IDENTITY = "iPhone Developer";
				COPY_PHASE_STRIP = NO;
				DEBUG_INFORMATION_FORMAT = dwarf;
				ENABLE_STRICT_OBJC_MSGSEND = YES;
				ENABLE_TESTABILITY = YES;
				GCC_C_LANGUAGE_STANDARD = gnu11;
				GCC_DYNAMIC_NO_PIC = NO;
				GCC_NO_COMMON_BLOCKS = YES;
				GCC_OPTIMIZATION_LEVEL = 0;
				GCC_PREPROCESSOR_DEFINITIONS = (
					"DEBUG=1",
					"$(inherited)",
				);
				GCC_WARN_64_TO_32_BIT_CONVERSION = YES;
				GCC_WARN_ABOUT_RETURN_TYPE = YES_ERROR;
				GCC_WARN_UNDECLARED_SELECTOR = YES;
				GCC_WARN_UNINITIALIZED_AUTOS = YES_AGGRESSIVE;
				GCC_WARN_UNUSED_FUNCTION = YES;
				GCC_WARN_UNUSED_VARIABLE = YES;
				IPHONEOS_DEPLOYMENT_TARGET = 11.0;
				MTL_ENABLE_DEBUG_INFO = INCLUDE_SOURCE;
				MTL_FAST_MATH = YES;
				ONLY_ACTIVE_ARCH = YES;
				SDKROOT = iphoneos;
				SWIFT_ACTIVE_COMPILATION_CONDITIONS = DEBUG;
				SWIFT_OPTIMIZATION_LEVEL = "-Onone";
			};
			name = Debug;
		};
		8BFCB4F4225A02D0006B3279 /* Release */ = {
			isa = XCBuildConfiguration;
			buildSettings = {
				ALWAYS_SEARCH_USER_PATHS = NO;
				CLANG_ANALYZER_NONNULL = YES;
				CLANG_ANALYZER_NUMBER_OBJECT_CONVERSION = YES_AGGRESSIVE;
				CLANG_CXX_LANGUAGE_STANDARD = "gnu++14";
				CLANG_CXX_LIBRARY = "libc++";
				CLANG_ENABLE_MODULES = YES;
				CLANG_ENABLE_OBJC_ARC = YES;
				CLANG_ENABLE_OBJC_WEAK = YES;
				CLANG_WARN_BLOCK_CAPTURE_AUTORELEASING = YES;
				CLANG_WARN_BOOL_CONVERSION = YES;
				CLANG_WARN_COMMA = YES;
				CLANG_WARN_CONSTANT_CONVERSION = YES;
				CLANG_WARN_DEPRECATED_OBJC_IMPLEMENTATIONS = YES;
				CLANG_WARN_DIRECT_OBJC_ISA_USAGE = YES_ERROR;
				CLANG_WARN_DOCUMENTATION_COMMENTS = YES;
				CLANG_WARN_EMPTY_BODY = YES;
				CLANG_WARN_ENUM_CONVERSION = YES;
				CLANG_WARN_INFINITE_RECURSION = YES;
				CLANG_WARN_INT_CONVERSION = YES;
				CLANG_WARN_NON_LITERAL_NULL_CONVERSION = YES;
				CLANG_WARN_OBJC_IMPLICIT_RETAIN_SELF = YES;
				CLANG_WARN_OBJC_LITERAL_CONVERSION = YES;
				CLANG_WARN_OBJC_ROOT_CLASS = YES_ERROR;
				CLANG_WARN_RANGE_LOOP_ANALYSIS = YES;
				CLANG_WARN_STRICT_PROTOTYPES = YES;
				CLANG_WARN_SUSPICIOUS_MOVE = YES;
				CLANG_WARN_UNGUARDED_AVAILABILITY = YES_AGGRESSIVE;
				CLANG_WARN_UNREACHABLE_CODE = YES;
				CLANG_WARN__DUPLICATE_METHOD_MATCH = YES;
				CODE_SIGN_IDENTITY = "iPhone Developer";
				COPY_PHASE_STRIP = NO;
				DEBUG_INFORMATION_FORMAT = "dwarf-with-dsym";
				ENABLE_NS_ASSERTIONS = NO;
				ENABLE_STRICT_OBJC_MSGSEND = YES;
				GCC_C_LANGUAGE_STANDARD = gnu11;
				GCC_NO_COMMON_BLOCKS = YES;
				GCC_WARN_64_TO_32_BIT_CONVERSION = YES;
				GCC_WARN_ABOUT_RETURN_TYPE = YES_ERROR;
				GCC_WARN_UNDECLARED_SELECTOR = YES;
				GCC_WARN_UNINITIALIZED_AUTOS = YES_AGGRESSIVE;
				GCC_WARN_UNUSED_FUNCTION = YES;
				GCC_WARN_UNUSED_VARIABLE = YES;
				IPHONEOS_DEPLOYMENT_TARGET = 11.0;
				MTL_ENABLE_DEBUG_INFO = NO;
				MTL_FAST_MATH = YES;
				SDKROOT = iphoneos;
				SWIFT_COMPILATION_MODE = wholemodule;
				SWIFT_OPTIMIZATION_LEVEL = "-O";
				VALIDATE_PRODUCT = YES;
			};
			name = Release;
		};
		8BFCB4F6225A02D0006B3279 /* Debug */ = {
			isa = XCBuildConfiguration;
			baseConfigurationReference = E51F1AA955E44A4DF4C72A3E /* Pods-mvvm.debug.xcconfig */;
			buildSettings = {
				ASSETCATALOG_COMPILER_APPICON_NAME = AppIcon;
				CODE_SIGN_STYLE = Automatic;
				DEVELOPMENT_TEAM = A4NNFV669G;
				INFOPLIST_FILE = "$(SRCROOT)/mvvm/Application/Info.plist";
				IPHONEOS_DEPLOYMENT_TARGET = 11.0;
				LD_RUNPATH_SEARCH_PATHS = (
					"$(inherited)",
					"@executable_path/Frameworks",
				);
				PRODUCT_BUNDLE_IDENTIFIER = io.github.ivansmetanin.mvvm;
				PRODUCT_NAME = "$(TARGET_NAME)";
				SWIFT_VERSION = 5.0;
				TARGETED_DEVICE_FAMILY = "1,2";
			};
			name = Debug;
		};
		8BFCB4F7225A02D0006B3279 /* Release */ = {
			isa = XCBuildConfiguration;
			baseConfigurationReference = A3BFC9B0AA890DD94D31B23A /* Pods-mvvm.release.xcconfig */;
			buildSettings = {
				ASSETCATALOG_COMPILER_APPICON_NAME = AppIcon;
				CODE_SIGN_STYLE = Automatic;
				DEVELOPMENT_TEAM = A4NNFV669G;
				INFOPLIST_FILE = "$(SRCROOT)/mvvm/Application/Info.plist";
				IPHONEOS_DEPLOYMENT_TARGET = 11.0;
				LD_RUNPATH_SEARCH_PATHS = (
					"$(inherited)",
					"@executable_path/Frameworks",
				);
				PRODUCT_BUNDLE_IDENTIFIER = io.github.ivansmetanin.mvvm;
				PRODUCT_NAME = "$(TARGET_NAME)";
				SWIFT_VERSION = 5.0;
				TARGETED_DEVICE_FAMILY = "1,2";
			};
			name = Release;
		};
		8BFCB4F9225A02D0006B3279 /* Debug */ = {
			isa = XCBuildConfiguration;
			baseConfigurationReference = EE99B1B4EC7A8BEA22391AF1 /* Pods-mvvmTests.debug.xcconfig */;
			buildSettings = {
				ALWAYS_EMBED_SWIFT_STANDARD_LIBRARIES = YES;
				BUNDLE_LOADER = "$(TEST_HOST)";
				CLANG_ENABLE_MODULES = YES;
				CODE_SIGN_STYLE = Automatic;
				DEVELOPMENT_TEAM = A4NNFV669G;
				INFOPLIST_FILE = mvvmTests/Info.plist;
				LD_RUNPATH_SEARCH_PATHS = (
					"$(inherited)",
					"@executable_path/Frameworks",
					"@loader_path/Frameworks",
				);
				PRODUCT_BUNDLE_IDENTIFIER = io.github.ivansmetanin.mvvmTests;
				PRODUCT_NAME = "$(TARGET_NAME)";
				SWIFT_OPTIMIZATION_LEVEL = "-Onone";
				SWIFT_VERSION = 5.0;
				TARGETED_DEVICE_FAMILY = "1,2";
				TEST_HOST = "$(BUILT_PRODUCTS_DIR)/mvvm.app/mvvm";
			};
			name = Debug;
		};
		8BFCB4FA225A02D0006B3279 /* Release */ = {
			isa = XCBuildConfiguration;
			baseConfigurationReference = 8FFCDABD49FD3EA6B3836E03 /* Pods-mvvmTests.release.xcconfig */;
			buildSettings = {
				ALWAYS_EMBED_SWIFT_STANDARD_LIBRARIES = YES;
				BUNDLE_LOADER = "$(TEST_HOST)";
				CLANG_ENABLE_MODULES = YES;
				CODE_SIGN_STYLE = Automatic;
				DEVELOPMENT_TEAM = A4NNFV669G;
				INFOPLIST_FILE = mvvmTests/Info.plist;
				LD_RUNPATH_SEARCH_PATHS = (
					"$(inherited)",
					"@executable_path/Frameworks",
					"@loader_path/Frameworks",
				);
				PRODUCT_BUNDLE_IDENTIFIER = io.github.ivansmetanin.mvvmTests;
				PRODUCT_NAME = "$(TARGET_NAME)";
				SWIFT_VERSION = 5.0;
				TARGETED_DEVICE_FAMILY = "1,2";
				TEST_HOST = "$(BUILT_PRODUCTS_DIR)/mvvm.app/mvvm";
			};
			name = Release;
		};
/* End XCBuildConfiguration section */

/* Begin XCConfigurationList section */
		8BFCB4D3225A02CE006B3279 /* Build configuration list for PBXProject "mvvm" */ = {
			isa = XCConfigurationList;
			buildConfigurations = (
				8BFCB4F3225A02D0006B3279 /* Debug */,
				8BFCB4F4225A02D0006B3279 /* Release */,
			);
			defaultConfigurationIsVisible = 0;
			defaultConfigurationName = Release;
		};
		8BFCB4F5225A02D0006B3279 /* Build configuration list for PBXNativeTarget "mvvm" */ = {
			isa = XCConfigurationList;
			buildConfigurations = (
				8BFCB4F6225A02D0006B3279 /* Debug */,
				8BFCB4F7225A02D0006B3279 /* Release */,
			);
			defaultConfigurationIsVisible = 0;
			defaultConfigurationName = Release;
		};
		8BFCB4F8225A02D0006B3279 /* Build configuration list for PBXNativeTarget "mvvmTests" */ = {
			isa = XCConfigurationList;
			buildConfigurations = (
				8BFCB4F9225A02D0006B3279 /* Debug */,
				8BFCB4FA225A02D0006B3279 /* Release */,
			);
			defaultConfigurationIsVisible = 0;
			defaultConfigurationName = Release;
		};
/* End XCConfigurationList section */
	};
	rootObject = 8BFCB4D0225A02CE006B3279 /* Project object */;
}
